
Microsoft Visual Studio Solution File, Format Version 12.00
# Visual Studio Version 16
VisualStudioVersion = 16.0.29709.97
MinimumVisualStudioVersion = 10.0.40219.1
Project("{FAE04EC0-301F-11D3-BF4B-00C04F79EFBC}") = "TestaiU", "TestaiU\TestaiU.csproj", "{4DBE40E5-4FD4-4F44-91C9-D2354A5BD702}"
EndProject
Project("{FAE04EC0-301F-11D3-BF4B-00C04F79EFBC}") = "TestaiU.test", "TestaiU.test\TestaiU.test.csproj", "{19268B14-5CE1-4161-B0E8-6535D6C169C8}"
EndProject
Global
	GlobalSection(SolutionConfigurationPlatforms) = preSolution
		Debug|Any CPU = Debug|Any CPU
		Release|Any CPU = Release|Any CPU
	EndGlobalSection
	GlobalSection(ProjectConfigurationPlatforms) = postSolution
		{4DBE40E5-4FD4-4F44-91C9-D2354A5BD702}.Debug|Any CPU.ActiveCfg = Debug|Any CPU
		{4DBE40E5-4FD4-4F44-91C9-D2354A5BD702}.Debug|Any CPU.Build.0 = Debug|Any CPU
		{4DBE40E5-4FD4-4F44-91C9-D2354A5BD702}.Release|Any CPU.ActiveCfg = Release|Any CPU
		{4DBE40E5-4FD4-4F44-91C9-D2354A5BD702}.Release|Any CPU.Build.0 = Release|Any CPU
		{19268B14-5CE1-4161-B0E8-6535D6C169C8}.Debug|Any CPU.ActiveCfg = Debug|Any CPU
		{19268B14-5CE1-4161-B0E8-6535D6C169C8}.Debug|Any CPU.Build.0 = Debug|Any CPU
		{19268B14-5CE1-4161-B0E8-6535D6C169C8}.Release|Any CPU.ActiveCfg = Release|Any CPU
		{19268B14-5CE1-4161-B0E8-6535D6C169C8}.Release|Any CPU.Build.0 = Release|Any CPU
	EndGlobalSection
	GlobalSection(SolutionProperties) = preSolution
		HideSolutionNode = FALSE
	EndGlobalSection
	GlobalSection(ExtensibilityGlobals) = postSolution
		SolutionGuid = {E5718916-4023-4737-8C05-E31CDED7F93B}
	EndGlobalSection
EndGlobal
